
Microsoft Visual Studio Solution File, Format Version 12.00
# Visual Studio Version 17
VisualStudioVersion = 17.5.33414.496
MinimumVisualStudioVersion = 10.0.40219.1
Project("{FAE04EC0-301F-11D3-BF4B-00C04F79EFBC}") = "Core_Project", "Core_Project\Core_Project.csproj", "{DBEB698D-6582-4E35-A136-987576F9F331}"
EndProject
Project("{FAE04EC0-301F-11D3-BF4B-00C04F79EFBC}") = "BusinessLayer", "BusinessLayer\BusinessLayer.csproj", "{03CC5153-CA58-450F-B407-98EC99114873}"
EndProject
Project("{FAE04EC0-301F-11D3-BF4B-00C04F79EFBC}") = "DataAccessLayer", "DataAccessLayer\DataAccessLayer.csproj", "{B9721171-DA6E-46F9-BCAE-9681192BFF84}"
EndProject
Project("{FAE04EC0-301F-11D3-BF4B-00C04F79EFBC}") = "EntityLayer", "EntityLayer\EntityLayer.csproj", "{6F5A7488-B8A5-45B6-ABB8-8E93755F042B}"
EndProject
Global
	GlobalSection(SolutionConfigurationPlatforms) = preSolution
		Debug|Any CPU = Debug|Any CPU
		Release|Any CPU = Release|Any CPU
	EndGlobalSection
	GlobalSection(ProjectConfigurationPlatforms) = postSolution
		{DBEB698D-6582-4E35-A136-987576F9F331}.Debug|Any CPU.ActiveCfg = Debug|Any CPU
		{DBEB698D-6582-4E35-A136-987576F9F331}.Debug|Any CPU.Build.0 = Debug|Any CPU
		{DBEB698D-6582-4E35-A136-987576F9F331}.Release|Any CPU.ActiveCfg = Release|Any CPU
		{DBEB698D-6582-4E35-A136-987576F9F331}.Release|Any CPU.Build.0 = Release|Any CPU
		{03CC5153-CA58-450F-B407-98EC99114873}.Debug|Any CPU.ActiveCfg = Debug|Any CPU
		{03CC5153-CA58-450F-B407-98EC99114873}.Debug|Any CPU.Build.0 = Debug|Any CPU
		{03CC5153-CA58-450F-B407-98EC99114873}.Release|Any CPU.ActiveCfg = Release|Any CPU
		{03CC5153-CA58-450F-B407-98EC99114873}.Release|Any CPU.Build.0 = Release|Any CPU
		{B9721171-DA6E-46F9-BCAE-9681192BFF84}.Debug|Any CPU.ActiveCfg = Debug|Any CPU
		{B9721171-DA6E-46F9-BCAE-9681192BFF84}.Debug|Any CPU.Build.0 = Debug|Any CPU
		{B9721171-DA6E-46F9-BCAE-9681192BFF84}.Release|Any CPU.ActiveCfg = Release|Any CPU
		{B9721171-DA6E-46F9-BCAE-9681192BFF84}.Release|Any CPU.Build.0 = Release|Any CPU
		{6F5A7488-B8A5-45B6-ABB8-8E93755F042B}.Debug|Any CPU.ActiveCfg = Debug|Any CPU
		{6F5A7488-B8A5-45B6-ABB8-8E93755F042B}.Debug|Any CPU.Build.0 = Debug|Any CPU
		{6F5A7488-B8A5-45B6-ABB8-8E93755F042B}.Release|Any CPU.ActiveCfg = Release|Any CPU
		{6F5A7488-B8A5-45B6-ABB8-8E93755F042B}.Release|Any CPU.Build.0 = Release|Any CPU
	EndGlobalSection
	GlobalSection(SolutionProperties) = preSolution
		HideSolutionNode = FALSE
	EndGlobalSection
	GlobalSection(ExtensibilityGlobals) = postSolution
		SolutionGuid = {D29601EB-A168-4B79-80DB-6D04AE1CF76A}
	EndGlobalSection
EndGlobal
